
Microsoft Visual Studio Solution File, Format Version 12.00
# Visual Studio Version 17
VisualStudioVersion = 17.6.33829.357
MinimumVisualStudioVersion = 10.0.40219.1
Project("{2150E333-8FDC-42A3-9474-1A3956D46DE8}") = "3. Application", "3. Application", "{A58F660A-A990-45B5-A2E6-06B7DF8CDE71}"
EndProject
Project("{2150E333-8FDC-42A3-9474-1A3956D46DE8}") = "2. Presentation", "2. Presentation", "{54A84050-FB53-4A6C-BFE9-52A313403A6F}"
EndProject
Project("{2150E333-8FDC-42A3-9474-1A3956D46DE8}") = "4. Domain", "4. Domain", "{88C17C04-D679-4BB5-97C9-D698818DF760}"
EndProject
Project("{2150E333-8FDC-42A3-9474-1A3956D46DE8}") = "5. Infrastructure", "5. Infrastructure", "{B210D4FC-8E83-4F49-9036-9FCCD4A6FB12}"
EndProject
Project("{2150E333-8FDC-42A3-9474-1A3956D46DE8}") = "1. Tests", "1. Tests", "{6301121C-B9D9-4314-8E72-D998F7BCD2EC}"
EndProject
Project("{2150E333-8FDC-42A3-9474-1A3956D46DE8}") = "Solution Items", "Solution Items", "{75845A2D-20B0-4B90-B141-ACDBFCCC2229}"
	ProjectSection(SolutionItems) = preProject
		CI-NEC.Fulf3PL.AdminWebApp.yaml = CI-NEC.Fulf3PL.AdminWebApp.yaml
		CI-NEC.Fulf3PL.BRIAN.Data.yaml = CI-NEC.Fulf3PL.BRIAN.Data.yaml
		CI-NEC.Fulf3PL.DataConversion.yaml = CI-NEC.Fulf3PL.DataConversion.yaml
		CI-NEC.Fulf3PL.DataService.yaml = CI-NEC.Fulf3PL.DataService.yaml
		CI-NEC.Fulf3PL.DeliveryService.yaml = CI-NEC.Fulf3PL.DeliveryService.yaml
		CI-NEC.Fulf3PL.GEODIS.AdminWebApp.yaml = CI-NEC.Fulf3PL.GEODIS.AdminWebApp.yaml
		CI-NEC.Fulf3PL.GEODIS.BRIAN.DataService.yaml = CI-NEC.Fulf3PL.GEODIS.BRIAN.DataService.yaml
		CI-NEC.Fulf3PL.GEODIS.DataConversion.yaml = CI-NEC.Fulf3PL.GEODIS.DataConversion.yaml
		CI-NEC.Fulf3PL.GEODIS.DeliveryService.yaml = CI-NEC.Fulf3PL.GEODIS.DeliveryService.yaml
		CI-NEC.Fulf3PL.GEODIS.ItemMasterData.Service.yaml = CI-NEC.Fulf3PL.GEODIS.ItemMasterData.Service.yaml
		CI-NEC.Fulf3PL.GEODIS.LineMaterial.Reprocess.yaml = CI-NEC.Fulf3PL.GEODIS.LineMaterial.Reprocess.yaml
		CI-NEC.Fulf3PL.GEODIS.LineMaterial.Service.yaml = CI-NEC.Fulf3PL.GEODIS.LineMaterial.Service.yaml
		CI-NEC.Fulf3PL.GEODIS.Sofia.Inbound.yaml = CI-NEC.Fulf3PL.GEODIS.Sofia.Inbound.yaml
		CI-NEC.Fulf3PL.GEODIS.Sofia.Outbound.yaml = CI-NEC.Fulf3PL.GEODIS.Sofia.Outbound.yaml
		CI-NEC.Fulf3PL.GEODIS.SubscriberService.yaml = CI-NEC.Fulf3PL.GEODIS.SubscriberService.yaml
		CI-NEC.Fulf3PL.GEODIS.WebhookListenerApp.yaml = CI-NEC.Fulf3PL.GEODIS.WebhookListenerApp.yaml
		CI-NEC.Fulf3PL.ItemMasterData.Service.yaml = CI-NEC.Fulf3PL.ItemMasterData.Service.yaml
		CI-NEC.Fulf3PL.LineMaterial.Reprocess.yaml = CI-NEC.Fulf3PL.LineMaterial.Reprocess.yaml
		CI-NEC.Fulf3PL.LineMaterial.Service.yaml = CI-NEC.Fulf3PL.LineMaterial.Service.yaml
		CI-NEC.Fulf3PL.Sofia.Inbound.yaml = CI-NEC.Fulf3PL.Sofia.Inbound.yaml
		CI-NEC.Fulf3PL.Sofia.Outbound.yaml = CI-NEC.Fulf3PL.Sofia.Outbound.yaml
		CI-NEC.Fulf3PL.SubscriberService.yaml = CI-NEC.Fulf3PL.SubscriberService.yaml
		CI-NEC.Fulf3PL.WebhookListenerApp.yaml = CI-NEC.Fulf3PL.WebhookListenerApp.yaml
		CI-NEC.Fulf3PL.WebhookSubscription.Extension.yaml = CI-NEC.Fulf3PL.WebhookSubscription.Extension.yaml
		Directory.Build.props = Directory.Build.props
		PR-NEC.Fulf3PL.AdminWebApp.yaml = PR-NEC.Fulf3PL.AdminWebApp.yaml
		PR-NEC.Fulf3PL.BRIAN.Data.yaml = PR-NEC.Fulf3PL.BRIAN.Data.yaml
		PR-NEC.Fulf3PL.DataConversion.yaml = PR-NEC.Fulf3PL.DataConversion.yaml
		PR-NEC.Fulf3PL.DataService.yaml = PR-NEC.Fulf3PL.DataService.yaml
		PR-NEC.Fulf3PL.DeliveryService.yaml = PR-NEC.Fulf3PL.DeliveryService.yaml
		PR-NEC.Fulf3PL.GEODIS.AdminWebApp.yaml = PR-NEC.Fulf3PL.GEODIS.AdminWebApp.yaml
		PR-NEC.Fulf3PL.GEODIS.BRIAN.DataService.yaml = PR-NEC.Fulf3PL.GEODIS.BRIAN.DataService.yaml
		PR-NEC.Fulf3PL.GEODIS.DataConversion.yaml = PR-NEC.Fulf3PL.GEODIS.DataConversion.yaml
		PR-NEC.Fulf3PL.GEODIS.DeliveryService.yaml = PR-NEC.Fulf3PL.GEODIS.DeliveryService.yaml
		PR-NEC.Fulf3PL.GEODIS.ItemMasterData.Service.yaml = PR-NEC.Fulf3PL.GEODIS.ItemMasterData.Service.yaml
		PR-NEC.Fulf3PL.GEODIS.LineMaterial.Reprocess.yaml = PR-NEC.Fulf3PL.GEODIS.LineMaterial.Reprocess.yaml
		PR-NEC.Fulf3PL.GEODIS.LineMaterial.Service.yaml = PR-NEC.Fulf3PL.GEODIS.LineMaterial.Service.yaml
		PR-NEC.Fulf3PL.GEODIS.Sofia.Inbound.yaml = PR-NEC.Fulf3PL.GEODIS.Sofia.Inbound.yaml
		PR-NEC.Fulf3PL.GEODIS.Sofia.Outbound.yaml = PR-NEC.Fulf3PL.GEODIS.Sofia.Outbound.yaml
		PR-NEC.Fulf3PL.GEODIS.SubscriberService.yaml = PR-NEC.Fulf3PL.GEODIS.SubscriberService.yaml
		PR-NEC.Fulf3PL.GEODIS.WebhookListenerApp.yaml = PR-NEC.Fulf3PL.GEODIS.WebhookListenerApp.yaml
		PR-NEC.Fulf3PL.ItemMasterData.Service.yaml = PR-NEC.Fulf3PL.ItemMasterData.Service.yaml
		PR-NEC.Fulf3PL.LineMaterial.Reprocess.yaml = PR-NEC.Fulf3PL.LineMaterial.Reprocess.yaml
		PR-NEC.Fulf3PL.LineMaterial.Service.yaml = PR-NEC.Fulf3PL.LineMaterial.Service.yaml
		PR-NEC.Fulf3PL.Sofia.Inbound.yaml = PR-NEC.Fulf3PL.Sofia.Inbound.yaml
		PR-NEC.Fulf3PL.Sofia.Outbound.yaml = PR-NEC.Fulf3PL.Sofia.Outbound.yaml
		PR-NEC.Fulf3PL.SubscriberService.yaml = PR-NEC.Fulf3PL.SubscriberService.yaml
		PR-NEC.Fulf3PL.WebhookListenerApp.yaml = PR-NEC.Fulf3PL.WebhookListenerApp.yaml
		PR-NEC.Fulf3PL.WebhookSubscription.Extension.yaml = PR-NEC.Fulf3PL.WebhookSubscription.Extension.yaml
		README.md = README.md
	EndProjectSection
EndProject
Project("{9A19103F-16F7-4668-BE54-9A1E7A4F7556}") = "NEC.Fulf3PL.API", "NEC.Fulf3PL.API\NEC.Fulf3PL.API.csproj", "{D13D04AC-90EA-4E3E-91F2-CC2CCD46D3A2}"
EndProject
Project("{9A19103F-16F7-4668-BE54-9A1E7A4F7556}") = "NEC.Fulf3PL.Application", "NEC.Fulf3PL.Application\NEC.Fulf3PL.Application.csproj", "{2A3CAA09-C1A7-4E12-9A09-F1A37487625D}"
EndProject
Project("{9A19103F-16F7-4668-BE54-9A1E7A4F7556}") = "NEC.Fulf3PL.Core", "NEC.Fulf3PL.Core\NEC.Fulf3PL.Core.csproj", "{A0403266-FDC0-4F2D-A9C7-264E97DE8280}"
EndProject
Project("{9A19103F-16F7-4668-BE54-9A1E7A4F7556}") = "NEC.Fulf3PL.Infrastructure", "NEC.Fulf3PL.Infrastructure\NEC.Fulf3PL.Infrastructure.csproj", "{86615597-3A8A-4D18-B431-D5FC41DC727E}"
EndProject
Project("{9A19103F-16F7-4668-BE54-9A1E7A4F7556}") = "NEC.Fulf3PL.Framework.Host", "NEC.Fulf3PL.Framework.Host\NEC.Fulf3PL.Framework.Host.csproj", "{E69EF110-77CE-4DE4-AB8E-A7D01327C6CB}"
EndProject
Project("{2150E333-8FDC-42A3-9474-1A3956D46DE8}") = "6. POC", "6. POC", "{75629029-9C69-4ACE-A538-E48CE621496C}"
EndProject
Project("{9A19103F-16F7-4668-BE54-9A1E7A4F7556}") = "NEC.Fulf3PL.DataService", "NEC.Fulf3PL.DBService\NEC.Fulf3PL.DataService.csproj", "{07628F80-436B-47F7-80F5-E5B91BB47B63}"
EndProject
Project("{9A19103F-16F7-4668-BE54-9A1E7A4F7556}") = "NEC.Subscriber.Service", "NEC.Subscriber.Service\NEC.Subscriber.Service.csproj", "{53DA3BAC-1222-4057-A334-8FA05EBF9FF1}"
EndProject
Project("{2150E333-8FDC-42A3-9474-1A3956D46DE8}") = "Outbound", "Outbound", "{FD9D51E0-A036-4F9A-A5AE-861877AB602D}"
EndProject
Project("{2150E333-8FDC-42A3-9474-1A3956D46DE8}") = "Inbound", "Inbound", "{9F7982D6-961B-4D2E-A2F9-30A0906EF0F2}"
EndProject
Project("{2150E333-8FDC-42A3-9474-1A3956D46DE8}") = "KTN", "KTN", "{22C3A057-E214-472F-8C79-33C62AA55046}"
EndProject
Project("{9A19103F-16F7-4668-BE54-9A1E7A4F7556}") = "NEC.Fulf3PL.WebhookListenerApp", "NEC.Fulf3PL.WebhookListenerApp\NEC.Fulf3PL.WebhookListenerApp.csproj", "{E01EA05F-D947-4372-8B8A-BE25281D8EA6}"
EndProject
Project("{2150E333-8FDC-42A3-9474-1A3956D46DE8}") = "KTN", "KTN", "{F35F802E-6FF6-4EFE-BF03-C5FA70721DE0}"
EndProject
Project("{2150E333-8FDC-42A3-9474-1A3956D46DE8}") = "Services", "Services", "{5BF0C627-B0FF-45E0-BA46-571C5048EBE2}"
EndProject
Project("{9A19103F-16F7-4668-BE54-9A1E7A4F7556}") = "NEC.Fulf3PL.DataConversion", "NEC.Fulf3PL.DataConversion\NEC.Fulf3PL.DataConversion.csproj", "{2A372615-1B00-4DA2-8D05-429D4D7451E9}"
EndProject
Project("{9A19103F-16F7-4668-BE54-9A1E7A4F7556}") = "NEC.Fulf3PL.LineMaterial.Reprocess", "NEC.Fulf3PL.LineMaterial.Reprocess\NEC.Fulf3PL.LineMaterial.Reprocess.csproj", "{75F86D5E-DD42-46D9-9BA2-7EF826D4FB8F}"
EndProject
Project("{9A19103F-16F7-4668-BE54-9A1E7A4F7556}") = "NEC.Fulf3PL.DeliveryService", "NEC.Fulf3PL.DeliveryService\NEC.Fulf3PL.DeliveryService.csproj", "{17CCA792-4A37-4A87-A801-5B8E8505BDE6}"
EndProject
Project("{9A19103F-16F7-4668-BE54-9A1E7A4F7556}") = "NEC.Fulf3PL.SubscriberService", "NEC.Fulf3PL.SubscriberService\NEC.Fulf3PL.SubscriberService.csproj", "{4BC2B19E-0670-4C70-AB8D-36DFEA012AB6}"
EndProject
Project("{9A19103F-16F7-4668-BE54-9A1E7A4F7556}") = "NEC.Fulf3PL.LineMaterial.Service", "NEC.Fulf3PL.LineMaterial.Service\NEC.Fulf3PL.LineMaterial.Service.csproj", "{32C155F8-AF7A-4E03-8FB5-BB9CDF5C5322}"
EndProject
Project("{9A19103F-16F7-4668-BE54-9A1E7A4F7556}") = "NEC.Fulf3PL.Core.Tests", "NEC.Fulf3PL.Core.Tests\NEC.Fulf3PL.Core.Tests.csproj", "{FDB64AC7-3A4C-4B2D-A073-5F3DA703B9E2}"
EndProject
Project("{9A19103F-16F7-4668-BE54-9A1E7A4F7556}") = "NEC.Fulf3PL.ItemMasterData.Service", "NEC.Fulf3PL.ItemMasterDataService\NEC.Fulf3PL.ItemMasterData.Service.csproj", "{632248D6-92BB-4B75-AD9A-472587BDF0FF}"
EndProject
Project("{9A19103F-16F7-4668-BE54-9A1E7A4F7556}") = "NEC.Fulf3PL.WebhookSubscription.Extension", "NEC.Fulf3PL.WebhookSubscription.Extension\NEC.Fulf3PL.WebhookSubscription.Extension.csproj", "{27B2389A-72F6-4023-825F-489974CC0859}"
EndProject
Project("{9A19103F-16F7-4668-BE54-9A1E7A4F7556}") = "NEC.Fulf3PL.AdminWebApp", "NEC.Fulf3PL.AdminWebApp\NEC.Fulf3PL.AdminWebApp.csproj", "{D37BAECD-0246-492C-9AE8-2BBBD5B14C84}"
EndProject
Project("{2150E333-8FDC-42A3-9474-1A3956D46DE8}") = "SOFIA", "SOFIA", "{4DF5B87D-441E-4C15-B13B-B28C4A8CF5A1}"
EndProject
Project("{9A19103F-16F7-4668-BE54-9A1E7A4F7556}") = "NEC.Fulf3PL.SOFIA.DataService", "NEC.Fulf3PL.SOFIA.DataService\NEC.Fulf3PL.SOFIA.DataService.csproj", "{B34DB020-86CF-4099-93BC-3F6814D38851}"
EndProject
Project("{2150E333-8FDC-42A3-9474-1A3956D46DE8}") = "SOFIA", "SOFIA", "{31055841-5B78-4B21-82BA-20761B0AAEC0}"
EndProject
Project("{9A19103F-16F7-4668-BE54-9A1E7A4F7556}") = "NEC.Fulf3PL.Inbound.SOFIA.DataService", "NEC.Fulf3PL.Inbound.SOFIA.DataService\NEC.Fulf3PL.Inbound.SOFIA.DataService.csproj", "{79964BA9-C8B4-49A0-AFBE-0930EF7D9FCB}"
EndProject
Project("{9A19103F-16F7-4668-BE54-9A1E7A4F7556}") = "NEC.POC.API.RateThreshold", "NEC.POC.API.RateThreshold\NEC.POC.API.RateThreshold.csproj", "{EE92B7BD-6FD4-4C32-B665-8C8F52CACE19}"
EndProject
Project("{2150E333-8FDC-42A3-9474-1A3956D46DE8}") = "BRIAN", "BRIAN", "{027FD0F1-EF96-4624-ACB5-8D13176D2BC7}"
EndProject
Project("{9A19103F-16F7-4668-BE54-9A1E7A4F7556}") = "NEC.Fulf3PL.BRIAN.Data", "NEC.Fulf3PL.BRIAN.Data\NEC.Fulf3PL.BRIAN.Data.csproj", "{0E92F49F-B139-4E1D-B8DE-E7382C9A35C0}"
EndProject
Project("{9A19103F-16F7-4668-BE54-9A1E7A4F7556}") = "NEC.Fulf3PL.Infrastructure.DataMigration", "NEC.Fulf3PL.Infrastructure.DataMigration\NEC.Fulf3PL.Infrastructure.DataMigration.csproj", "{5136CE6C-3A84-474A-9A65-494E0C4262D5}"
EndProject
Project("{2150E333-8FDC-42A3-9474-1A3956D46DE8}") = "GEODIS", "GEODIS", "{0C75A7B0-E270-451C-BA01-CA64E3AA1B04}"
EndProject
Project("{2150E333-8FDC-42A3-9474-1A3956D46DE8}") = "BRIAN", "BRIAN", "{71D14188-FAE5-4954-ABFC-3C2B8EAD9825}"
EndProject
Project("{9A19103F-16F7-4668-BE54-9A1E7A4F7556}") = "NEC.Fulf3PL.GEODIS.BRIAN.DataService", "NEC.Fulf3PL.GEODIS.BRIAN.DataService\NEC.Fulf3PL.GEODIS.BRIAN.DataService.csproj", "{B6B1E80F-1477-40B5-BC25-C90053D820AF}"
EndProject
Project("{FAE04EC0-301F-11D3-BF4B-00C04F79EFBC}") = "NEC.Fulf3PL.GEODIS.WebhookListenerApp", "NEC.Fulf3PL.GEODIS.WebhookListenerApp\NEC.Fulf3PL.GEODIS.WebhookListenerApp.csproj", "{919887FD-B0A8-4BA9-A532-0E58145FC26C}"
EndProject
Project("{FAE04EC0-301F-11D3-BF4B-00C04F79EFBC}") = "NEC.Fulf3PL.GEODIS.SubscriberService", "NEC.Fulf3PL.GEODIS.SubscriberService\NEC.Fulf3PL.GEODIS.SubscriberService.csproj", "{39CB4C50-8556-49A1-B0F0-1456A856F29E}"
EndProject
Project("{FAE04EC0-301F-11D3-BF4B-00C04F79EFBC}") = "NEC.Fulf3PL.GEODIS.DataConversion", "NEC.Fulf3PL.GEODIS.DataConversion\NEC.Fulf3PL.GEODIS.DataConversion.csproj", "{50839362-2307-4224-8454-11F48087DBC4}"
EndProject
Project("{2150E333-8FDC-42A3-9474-1A3956D46DE8}") = "GEODIS", "GEODIS", "{67769E74-76B1-4CDD-9D34-27B1DBA1E3B1}"
EndProject
Project("{2150E333-8FDC-42A3-9474-1A3956D46DE8}") = "SOFIA", "SOFIA", "{FE70DB07-D5C3-477B-BBD2-6C9BA65749D9}"
EndProject
Project("{FAE04EC0-301F-11D3-BF4B-00C04F79EFBC}") = "NEC.Fulf3PL.GEODIS.SOFIA.DataService", "NEC.Fulf3PL.GEODIS.SOFIA.DataService\NEC.Fulf3PL.GEODIS.SOFIA.DataService.csproj", "{ADE1DDC7-7A9A-4C03-ADF8-2336235D963B}"
EndProject
Project("{2150E333-8FDC-42A3-9474-1A3956D46DE8}") = "SOFIA", "SOFIA", "{24192978-96AC-432D-895D-A898EF7E845B}"
EndProject
Project("{FAE04EC0-301F-11D3-BF4B-00C04F79EFBC}") = "NEC.Fulf3PL.GEODIS.Inbound.SOFIA.DataService", "NEC.Fulf3PL.GEODIS.Inbound.SOFIA.DataService\NEC.Fulf3PL.GEODIS.Inbound.SOFIA.DataService.csproj", "{D1A031F7-1A62-44EA-8142-62CC6B7E6AD2}"
EndProject
Project("{FAE04EC0-301F-11D3-BF4B-00C04F79EFBC}") = "NEC.Fulf3PL.GEODIS.LineMaterial.Service", "NEC.Fulf3PL.GEODIS.LineMaterial.Service\NEC.Fulf3PL.GEODIS.LineMaterial.Service.csproj", "{DC19CCE4-2D90-4F7B-AF98-E5E3D309DA4B}"
EndProject
Project("{FAE04EC0-301F-11D3-BF4B-00C04F79EFBC}") = "NEC.Fulf3PL.GEODIS.LineMaterial.Reprocess", "NEC.Fulf3PL.GEODIS.LineMaterial.Reprocess\NEC.Fulf3PL.GEODIS.LineMaterial.Reprocess.csproj", "{2A4A3EA6-E3E0-4D9B-806E-AEB11C5240BF}"
EndProject
Project("{FAE04EC0-301F-11D3-BF4B-00C04F79EFBC}") = "NEC.Fulf3PL.GEODIS.ItemMasterData.Service", "NEC.Fulf3PL.GEODIS.ItemMasterData.Service\NEC.Fulf3PL.GEODIS.ItemMasterData.Service.csproj", "{0D3B879F-C610-417E-99E8-3538578D7148}"
EndProject
Project("{FAE04EC0-301F-11D3-BF4B-00C04F79EFBC}") = "NEC.Fulf3PL.GEODIS.DeliveryService", "NEC.Fulf3PL.GEODIS.DeliveryService\NEC.Fulf3PL.GEODIS.DeliveryService.csproj", "{8E28B0BC-F028-4E0D-AD49-42596191626D}"
EndProject
Project("{FAE04EC0-301F-11D3-BF4B-00C04F79EFBC}") = "NEC.Fulf3PL.GEODIS.AdminWebApp", "NEC.Fulf3PL.GEODIS.AdminWebApp\NEC.Fulf3PL.GEODIS.AdminWebApp.csproj", "{8C6C4F64-6B3A-4999-82AA-91C845FC558B}"
EndProject
Project("{FAE04EC0-301F-11D3-BF4B-00C04F79EFBC}") = "NEC.Fulf3PL.GEODIS.Infrastructure", "NEC.Fulf3PL.GEODIS.Infrastructure\NEC.Fulf3PL.GEODIS.Infrastructure.csproj", "{58573274-0A64-42EE-9BB1-95A0E61C8A28}"
EndProject
Project("{FAE04EC0-301F-11D3-BF4B-00C04F79EFBC}") = "NEC.Fulf3PL.GEODIS.Application", "NEC.Fulf3PL.GEODIS.Application\NEC.Fulf3PL.GEODIS.Application.csproj", "{3A574EF0-2BE9-40A7-84D8-B17A65C7B2FB}"
EndProject
Global
	GlobalSection(SolutionConfigurationPlatforms) = preSolution
		Debug|Any CPU = Debug|Any CPU
		Release|Any CPU = Release|Any CPU
	EndGlobalSection
	GlobalSection(ProjectConfigurationPlatforms) = postSolution
		{D13D04AC-90EA-4E3E-91F2-CC2CCD46D3A2}.Debug|Any CPU.ActiveCfg = Debug|Any CPU
		{D13D04AC-90EA-4E3E-91F2-CC2CCD46D3A2}.Debug|Any CPU.Build.0 = Debug|Any CPU
		{D13D04AC-90EA-4E3E-91F2-CC2CCD46D3A2}.Release|Any CPU.ActiveCfg = Release|Any CPU
		{D13D04AC-90EA-4E3E-91F2-CC2CCD46D3A2}.Release|Any CPU.Build.0 = Release|Any CPU
		{2A3CAA09-C1A7-4E12-9A09-F1A37487625D}.Debug|Any CPU.ActiveCfg = Debug|Any CPU
		{2A3CAA09-C1A7-4E12-9A09-F1A37487625D}.Debug|Any CPU.Build.0 = Debug|Any CPU
		{2A3CAA09-C1A7-4E12-9A09-F1A37487625D}.Release|Any CPU.ActiveCfg = Release|Any CPU
		{2A3CAA09-C1A7-4E12-9A09-F1A37487625D}.Release|Any CPU.Build.0 = Release|Any CPU
		{A0403266-FDC0-4F2D-A9C7-264E97DE8280}.Debug|Any CPU.ActiveCfg = Debug|Any CPU
		{A0403266-FDC0-4F2D-A9C7-264E97DE8280}.Debug|Any CPU.Build.0 = Debug|Any CPU
		{A0403266-FDC0-4F2D-A9C7-264E97DE8280}.Release|Any CPU.ActiveCfg = Release|Any CPU
		{A0403266-FDC0-4F2D-A9C7-264E97DE8280}.Release|Any CPU.Build.0 = Release|Any CPU
		{86615597-3A8A-4D18-B431-D5FC41DC727E}.Debug|Any CPU.ActiveCfg = Debug|Any CPU
		{86615597-3A8A-4D18-B431-D5FC41DC727E}.Debug|Any CPU.Build.0 = Debug|Any CPU
		{86615597-3A8A-4D18-B431-D5FC41DC727E}.Release|Any CPU.ActiveCfg = Release|Any CPU
		{86615597-3A8A-4D18-B431-D5FC41DC727E}.Release|Any CPU.Build.0 = Release|Any CPU
		{E69EF110-77CE-4DE4-AB8E-A7D01327C6CB}.Debug|Any CPU.ActiveCfg = Debug|Any CPU
		{E69EF110-77CE-4DE4-AB8E-A7D01327C6CB}.Debug|Any CPU.Build.0 = Debug|Any CPU
		{E69EF110-77CE-4DE4-AB8E-A7D01327C6CB}.Release|Any CPU.ActiveCfg = Release|Any CPU
		{E69EF110-77CE-4DE4-AB8E-A7D01327C6CB}.Release|Any CPU.Build.0 = Release|Any CPU
		{07628F80-436B-47F7-80F5-E5B91BB47B63}.Debug|Any CPU.ActiveCfg = Debug|Any CPU
		{07628F80-436B-47F7-80F5-E5B91BB47B63}.Debug|Any CPU.Build.0 = Debug|Any CPU
		{07628F80-436B-47F7-80F5-E5B91BB47B63}.Release|Any CPU.ActiveCfg = Release|Any CPU
		{07628F80-436B-47F7-80F5-E5B91BB47B63}.Release|Any CPU.Build.0 = Release|Any CPU
		{53DA3BAC-1222-4057-A334-8FA05EBF9FF1}.Debug|Any CPU.ActiveCfg = Debug|Any CPU
		{53DA3BAC-1222-4057-A334-8FA05EBF9FF1}.Debug|Any CPU.Build.0 = Debug|Any CPU
		{53DA3BAC-1222-4057-A334-8FA05EBF9FF1}.Release|Any CPU.ActiveCfg = Release|Any CPU
		{53DA3BAC-1222-4057-A334-8FA05EBF9FF1}.Release|Any CPU.Build.0 = Release|Any CPU
		{E01EA05F-D947-4372-8B8A-BE25281D8EA6}.Debug|Any CPU.ActiveCfg = Debug|Any CPU
		{E01EA05F-D947-4372-8B8A-BE25281D8EA6}.Debug|Any CPU.Build.0 = Debug|Any CPU
		{E01EA05F-D947-4372-8B8A-BE25281D8EA6}.Release|Any CPU.ActiveCfg = Release|Any CPU
		{E01EA05F-D947-4372-8B8A-BE25281D8EA6}.Release|Any CPU.Build.0 = Release|Any CPU
		{2A372615-1B00-4DA2-8D05-429D4D7451E9}.Debug|Any CPU.ActiveCfg = Debug|Any CPU
		{2A372615-1B00-4DA2-8D05-429D4D7451E9}.Debug|Any CPU.Build.0 = Debug|Any CPU
		{2A372615-1B00-4DA2-8D05-429D4D7451E9}.Release|Any CPU.ActiveCfg = Release|Any CPU
		{2A372615-1B00-4DA2-8D05-429D4D7451E9}.Release|Any CPU.Build.0 = Release|Any CPU
		{75F86D5E-DD42-46D9-9BA2-7EF826D4FB8F}.Debug|Any CPU.ActiveCfg = Debug|Any CPU
		{75F86D5E-DD42-46D9-9BA2-7EF826D4FB8F}.Debug|Any CPU.Build.0 = Debug|Any CPU
		{75F86D5E-DD42-46D9-9BA2-7EF826D4FB8F}.Release|Any CPU.ActiveCfg = Release|Any CPU
		{75F86D5E-DD42-46D9-9BA2-7EF826D4FB8F}.Release|Any CPU.Build.0 = Release|Any CPU
		{17CCA792-4A37-4A87-A801-5B8E8505BDE6}.Debug|Any CPU.ActiveCfg = Debug|Any CPU
		{17CCA792-4A37-4A87-A801-5B8E8505BDE6}.Debug|Any CPU.Build.0 = Debug|Any CPU
		{17CCA792-4A37-4A87-A801-5B8E8505BDE6}.Release|Any CPU.ActiveCfg = Release|Any CPU
		{17CCA792-4A37-4A87-A801-5B8E8505BDE6}.Release|Any CPU.Build.0 = Release|Any CPU
		{4BC2B19E-0670-4C70-AB8D-36DFEA012AB6}.Debug|Any CPU.ActiveCfg = Debug|Any CPU
		{4BC2B19E-0670-4C70-AB8D-36DFEA012AB6}.Debug|Any CPU.Build.0 = Debug|Any CPU
		{4BC2B19E-0670-4C70-AB8D-36DFEA012AB6}.Release|Any CPU.ActiveCfg = Release|Any CPU
		{4BC2B19E-0670-4C70-AB8D-36DFEA012AB6}.Release|Any CPU.Build.0 = Release|Any CPU
		{32C155F8-AF7A-4E03-8FB5-BB9CDF5C5322}.Debug|Any CPU.ActiveCfg = Debug|Any CPU
		{32C155F8-AF7A-4E03-8FB5-BB9CDF5C5322}.Debug|Any CPU.Build.0 = Debug|Any CPU
		{32C155F8-AF7A-4E03-8FB5-BB9CDF5C5322}.Release|Any CPU.ActiveCfg = Release|Any CPU
		{32C155F8-AF7A-4E03-8FB5-BB9CDF5C5322}.Release|Any CPU.Build.0 = Release|Any CPU
		{FDB64AC7-3A4C-4B2D-A073-5F3DA703B9E2}.Debug|Any CPU.ActiveCfg = Debug|Any CPU
		{FDB64AC7-3A4C-4B2D-A073-5F3DA703B9E2}.Debug|Any CPU.Build.0 = Debug|Any CPU
		{FDB64AC7-3A4C-4B2D-A073-5F3DA703B9E2}.Release|Any CPU.ActiveCfg = Release|Any CPU
		{FDB64AC7-3A4C-4B2D-A073-5F3DA703B9E2}.Release|Any CPU.Build.0 = Release|Any CPU
		{632248D6-92BB-4B75-AD9A-472587BDF0FF}.Debug|Any CPU.ActiveCfg = Debug|Any CPU
		{632248D6-92BB-4B75-AD9A-472587BDF0FF}.Debug|Any CPU.Build.0 = Debug|Any CPU
		{632248D6-92BB-4B75-AD9A-472587BDF0FF}.Release|Any CPU.ActiveCfg = Release|Any CPU
		{632248D6-92BB-4B75-AD9A-472587BDF0FF}.Release|Any CPU.Build.0 = Release|Any CPU
		{27B2389A-72F6-4023-825F-489974CC0859}.Debug|Any CPU.ActiveCfg = Debug|Any CPU
		{27B2389A-72F6-4023-825F-489974CC0859}.Debug|Any CPU.Build.0 = Debug|Any CPU
		{27B2389A-72F6-4023-825F-489974CC0859}.Release|Any CPU.ActiveCfg = Release|Any CPU
		{27B2389A-72F6-4023-825F-489974CC0859}.Release|Any CPU.Build.0 = Release|Any CPU
		{D37BAECD-0246-492C-9AE8-2BBBD5B14C84}.Debug|Any CPU.ActiveCfg = Debug|Any CPU
		{D37BAECD-0246-492C-9AE8-2BBBD5B14C84}.Debug|Any CPU.Build.0 = Debug|Any CPU
		{D37BAECD-0246-492C-9AE8-2BBBD5B14C84}.Release|Any CPU.ActiveCfg = Release|Any CPU
		{D37BAECD-0246-492C-9AE8-2BBBD5B14C84}.Release|Any CPU.Build.0 = Release|Any CPU
		{B34DB020-86CF-4099-93BC-3F6814D38851}.Debug|Any CPU.ActiveCfg = Debug|Any CPU
		{B34DB020-86CF-4099-93BC-3F6814D38851}.Debug|Any CPU.Build.0 = Debug|Any CPU
		{B34DB020-86CF-4099-93BC-3F6814D38851}.Release|Any CPU.ActiveCfg = Release|Any CPU
		{B34DB020-86CF-4099-93BC-3F6814D38851}.Release|Any CPU.Build.0 = Release|Any CPU
		{79964BA9-C8B4-49A0-AFBE-0930EF7D9FCB}.Debug|Any CPU.ActiveCfg = Debug|Any CPU
		{79964BA9-C8B4-49A0-AFBE-0930EF7D9FCB}.Debug|Any CPU.Build.0 = Debug|Any CPU
		{79964BA9-C8B4-49A0-AFBE-0930EF7D9FCB}.Release|Any CPU.ActiveCfg = Release|Any CPU
		{79964BA9-C8B4-49A0-AFBE-0930EF7D9FCB}.Release|Any CPU.Build.0 = Release|Any CPU
		{EE92B7BD-6FD4-4C32-B665-8C8F52CACE19}.Debug|Any CPU.ActiveCfg = Debug|Any CPU
		{EE92B7BD-6FD4-4C32-B665-8C8F52CACE19}.Debug|Any CPU.Build.0 = Debug|Any CPU
		{EE92B7BD-6FD4-4C32-B665-8C8F52CACE19}.Release|Any CPU.ActiveCfg = Release|Any CPU
		{EE92B7BD-6FD4-4C32-B665-8C8F52CACE19}.Release|Any CPU.Build.0 = Release|Any CPU
		{0E92F49F-B139-4E1D-B8DE-E7382C9A35C0}.Debug|Any CPU.ActiveCfg = Debug|Any CPU
		{0E92F49F-B139-4E1D-B8DE-E7382C9A35C0}.Debug|Any CPU.Build.0 = Debug|Any CPU
		{0E92F49F-B139-4E1D-B8DE-E7382C9A35C0}.Release|Any CPU.ActiveCfg = Release|Any CPU
		{0E92F49F-B139-4E1D-B8DE-E7382C9A35C0}.Release|Any CPU.Build.0 = Release|Any CPU
		{5136CE6C-3A84-474A-9A65-494E0C4262D5}.Debug|Any CPU.ActiveCfg = Debug|Any CPU
		{5136CE6C-3A84-474A-9A65-494E0C4262D5}.Debug|Any CPU.Build.0 = Debug|Any CPU
		{5136CE6C-3A84-474A-9A65-494E0C4262D5}.Release|Any CPU.ActiveCfg = Release|Any CPU
		{5136CE6C-3A84-474A-9A65-494E0C4262D5}.Release|Any CPU.Build.0 = Release|Any CPU
		{B6B1E80F-1477-40B5-BC25-C90053D820AF}.Debug|Any CPU.ActiveCfg = Debug|Any CPU
		{B6B1E80F-1477-40B5-BC25-C90053D820AF}.Debug|Any CPU.Build.0 = Debug|Any CPU
		{B6B1E80F-1477-40B5-BC25-C90053D820AF}.Release|Any CPU.ActiveCfg = Release|Any CPU
		{B6B1E80F-1477-40B5-BC25-C90053D820AF}.Release|Any CPU.Build.0 = Release|Any CPU
		{919887FD-B0A8-4BA9-A532-0E58145FC26C}.Debug|Any CPU.ActiveCfg = Debug|Any CPU
		{919887FD-B0A8-4BA9-A532-0E58145FC26C}.Debug|Any CPU.Build.0 = Debug|Any CPU
		{919887FD-B0A8-4BA9-A532-0E58145FC26C}.Release|Any CPU.ActiveCfg = Release|Any CPU
		{919887FD-B0A8-4BA9-A532-0E58145FC26C}.Release|Any CPU.Build.0 = Release|Any CPU
		{39CB4C50-8556-49A1-B0F0-1456A856F29E}.Debug|Any CPU.ActiveCfg = Debug|Any CPU
		{39CB4C50-8556-49A1-B0F0-1456A856F29E}.Debug|Any CPU.Build.0 = Debug|Any CPU
		{39CB4C50-8556-49A1-B0F0-1456A856F29E}.Release|Any CPU.ActiveCfg = Release|Any CPU
		{39CB4C50-8556-49A1-B0F0-1456A856F29E}.Release|Any CPU.Build.0 = Release|Any CPU
		{50839362-2307-4224-8454-11F48087DBC4}.Debug|Any CPU.ActiveCfg = Debug|Any CPU
		{50839362-2307-4224-8454-11F48087DBC4}.Debug|Any CPU.Build.0 = Debug|Any CPU
		{50839362-2307-4224-8454-11F48087DBC4}.Release|Any CPU.ActiveCfg = Release|Any CPU
		{50839362-2307-4224-8454-11F48087DBC4}.Release|Any CPU.Build.0 = Release|Any CPU
		{ADE1DDC7-7A9A-4C03-ADF8-2336235D963B}.Debug|Any CPU.ActiveCfg = Debug|Any CPU
		{ADE1DDC7-7A9A-4C03-ADF8-2336235D963B}.Debug|Any CPU.Build.0 = Debug|Any CPU
		{ADE1DDC7-7A9A-4C03-ADF8-2336235D963B}.Release|Any CPU.ActiveCfg = Release|Any CPU
		{ADE1DDC7-7A9A-4C03-ADF8-2336235D963B}.Release|Any CPU.Build.0 = Release|Any CPU
		{D1A031F7-1A62-44EA-8142-62CC6B7E6AD2}.Debug|Any CPU.ActiveCfg = Debug|Any CPU
		{D1A031F7-1A62-44EA-8142-62CC6B7E6AD2}.Debug|Any CPU.Build.0 = Debug|Any CPU
		{D1A031F7-1A62-44EA-8142-62CC6B7E6AD2}.Release|Any CPU.ActiveCfg = Release|Any CPU
		{D1A031F7-1A62-44EA-8142-62CC6B7E6AD2}.Release|Any CPU.Build.0 = Release|Any CPU
		{DC19CCE4-2D90-4F7B-AF98-E5E3D309DA4B}.Debug|Any CPU.ActiveCfg = Debug|Any CPU
		{DC19CCE4-2D90-4F7B-AF98-E5E3D309DA4B}.Debug|Any CPU.Build.0 = Debug|Any CPU
		{DC19CCE4-2D90-4F7B-AF98-E5E3D309DA4B}.Release|Any CPU.ActiveCfg = Release|Any CPU
		{DC19CCE4-2D90-4F7B-AF98-E5E3D309DA4B}.Release|Any CPU.Build.0 = Release|Any CPU
		{2A4A3EA6-E3E0-4D9B-806E-AEB11C5240BF}.Debug|Any CPU.ActiveCfg = Debug|Any CPU
		{2A4A3EA6-E3E0-4D9B-806E-AEB11C5240BF}.Debug|Any CPU.Build.0 = Debug|Any CPU
		{2A4A3EA6-E3E0-4D9B-806E-AEB11C5240BF}.Release|Any CPU.ActiveCfg = Release|Any CPU
		{2A4A3EA6-E3E0-4D9B-806E-AEB11C5240BF}.Release|Any CPU.Build.0 = Release|Any CPU
		{0D3B879F-C610-417E-99E8-3538578D7148}.Debug|Any CPU.ActiveCfg = Debug|Any CPU
		{0D3B879F-C610-417E-99E8-3538578D7148}.Debug|Any CPU.Build.0 = Debug|Any CPU
		{0D3B879F-C610-417E-99E8-3538578D7148}.Release|Any CPU.ActiveCfg = Release|Any CPU
		{0D3B879F-C610-417E-99E8-3538578D7148}.Release|Any CPU.Build.0 = Release|Any CPU
		{8E28B0BC-F028-4E0D-AD49-42596191626D}.Debug|Any CPU.ActiveCfg = Debug|Any CPU
		{8E28B0BC-F028-4E0D-AD49-42596191626D}.Debug|Any CPU.Build.0 = Debug|Any CPU
		{8E28B0BC-F028-4E0D-AD49-42596191626D}.Release|Any CPU.ActiveCfg = Release|Any CPU
		{8E28B0BC-F028-4E0D-AD49-42596191626D}.Release|Any CPU.Build.0 = Release|Any CPU
		{8C6C4F64-6B3A-4999-82AA-91C845FC558B}.Debug|Any CPU.ActiveCfg = Debug|Any CPU
		{8C6C4F64-6B3A-4999-82AA-91C845FC558B}.Debug|Any CPU.Build.0 = Debug|Any CPU
		{8C6C4F64-6B3A-4999-82AA-91C845FC558B}.Release|Any CPU.ActiveCfg = Release|Any CPU
		{8C6C4F64-6B3A-4999-82AA-91C845FC558B}.Release|Any CPU.Build.0 = Release|Any CPU
		{58573274-0A64-42EE-9BB1-95A0E61C8A28}.Debug|Any CPU.ActiveCfg = Debug|Any CPU
		{58573274-0A64-42EE-9BB1-95A0E61C8A28}.Debug|Any CPU.Build.0 = Debug|Any CPU
		{58573274-0A64-42EE-9BB1-95A0E61C8A28}.Release|Any CPU.ActiveCfg = Release|Any CPU
		{58573274-0A64-42EE-9BB1-95A0E61C8A28}.Release|Any CPU.Build.0 = Release|Any CPU
		{3A574EF0-2BE9-40A7-84D8-B17A65C7B2FB}.Debug|Any CPU.ActiveCfg = Debug|Any CPU
		{3A574EF0-2BE9-40A7-84D8-B17A65C7B2FB}.Debug|Any CPU.Build.0 = Debug|Any CPU
		{3A574EF0-2BE9-40A7-84D8-B17A65C7B2FB}.Release|Any CPU.ActiveCfg = Release|Any CPU
		{3A574EF0-2BE9-40A7-84D8-B17A65C7B2FB}.Release|Any CPU.Build.0 = Release|Any CPU
	EndGlobalSection
	GlobalSection(SolutionProperties) = preSolution
		HideSolutionNode = FALSE
	EndGlobalSection
	GlobalSection(NestedProjects) = preSolution
		{D13D04AC-90EA-4E3E-91F2-CC2CCD46D3A2} = {54A84050-FB53-4A6C-BFE9-52A313403A6F}
		{2A3CAA09-C1A7-4E12-9A09-F1A37487625D} = {A58F660A-A990-45B5-A2E6-06B7DF8CDE71}
		{A0403266-FDC0-4F2D-A9C7-264E97DE8280} = {88C17C04-D679-4BB5-97C9-D698818DF760}
		{86615597-3A8A-4D18-B431-D5FC41DC727E} = {B210D4FC-8E83-4F49-9036-9FCCD4A6FB12}
		{E69EF110-77CE-4DE4-AB8E-A7D01327C6CB} = {54A84050-FB53-4A6C-BFE9-52A313403A6F}
		{07628F80-436B-47F7-80F5-E5B91BB47B63} = {5BF0C627-B0FF-45E0-BA46-571C5048EBE2}
		{53DA3BAC-1222-4057-A334-8FA05EBF9FF1} = {75629029-9C69-4ACE-A538-E48CE621496C}
		{FD9D51E0-A036-4F9A-A5AE-861877AB602D} = {54A84050-FB53-4A6C-BFE9-52A313403A6F}
		{9F7982D6-961B-4D2E-A2F9-30A0906EF0F2} = {54A84050-FB53-4A6C-BFE9-52A313403A6F}
		{22C3A057-E214-472F-8C79-33C62AA55046} = {9F7982D6-961B-4D2E-A2F9-30A0906EF0F2}
		{E01EA05F-D947-4372-8B8A-BE25281D8EA6} = {22C3A057-E214-472F-8C79-33C62AA55046}
		{F35F802E-6FF6-4EFE-BF03-C5FA70721DE0} = {FD9D51E0-A036-4F9A-A5AE-861877AB602D}
		{5BF0C627-B0FF-45E0-BA46-571C5048EBE2} = {54A84050-FB53-4A6C-BFE9-52A313403A6F}
		{2A372615-1B00-4DA2-8D05-429D4D7451E9} = {22C3A057-E214-472F-8C79-33C62AA55046}
		{75F86D5E-DD42-46D9-9BA2-7EF826D4FB8F} = {FD9D51E0-A036-4F9A-A5AE-861877AB602D}
		{17CCA792-4A37-4A87-A801-5B8E8505BDE6} = {F35F802E-6FF6-4EFE-BF03-C5FA70721DE0}
		{4BC2B19E-0670-4C70-AB8D-36DFEA012AB6} = {22C3A057-E214-472F-8C79-33C62AA55046}
		{32C155F8-AF7A-4E03-8FB5-BB9CDF5C5322} = {FD9D51E0-A036-4F9A-A5AE-861877AB602D}
		{FDB64AC7-3A4C-4B2D-A073-5F3DA703B9E2} = {6301121C-B9D9-4314-8E72-D998F7BCD2EC}
		{632248D6-92BB-4B75-AD9A-472587BDF0FF} = {F35F802E-6FF6-4EFE-BF03-C5FA70721DE0}
		{27B2389A-72F6-4023-825F-489974CC0859} = {22C3A057-E214-472F-8C79-33C62AA55046}
		{D37BAECD-0246-492C-9AE8-2BBBD5B14C84} = {54A84050-FB53-4A6C-BFE9-52A313403A6F}
		{4DF5B87D-441E-4C15-B13B-B28C4A8CF5A1} = {F35F802E-6FF6-4EFE-BF03-C5FA70721DE0}
		{B34DB020-86CF-4099-93BC-3F6814D38851} = {4DF5B87D-441E-4C15-B13B-B28C4A8CF5A1}
		{31055841-5B78-4B21-82BA-20761B0AAEC0} = {22C3A057-E214-472F-8C79-33C62AA55046}
		{79964BA9-C8B4-49A0-AFBE-0930EF7D9FCB} = {31055841-5B78-4B21-82BA-20761B0AAEC0}
		{EE92B7BD-6FD4-4C32-B665-8C8F52CACE19} = {75629029-9C69-4ACE-A538-E48CE621496C}
		{027FD0F1-EF96-4624-ACB5-8D13176D2BC7} = {F35F802E-6FF6-4EFE-BF03-C5FA70721DE0}
		{0E92F49F-B139-4E1D-B8DE-E7382C9A35C0} = {027FD0F1-EF96-4624-ACB5-8D13176D2BC7}
		{5136CE6C-3A84-474A-9A65-494E0C4262D5} = {B210D4FC-8E83-4F49-9036-9FCCD4A6FB12}
		{0C75A7B0-E270-451C-BA01-CA64E3AA1B04} = {9F7982D6-961B-4D2E-A2F9-30A0906EF0F2}
		{71D14188-FAE5-4954-ABFC-3C2B8EAD9825} = {0C75A7B0-E270-451C-BA01-CA64E3AA1B04}
		{B6B1E80F-1477-40B5-BC25-C90053D820AF} = {71D14188-FAE5-4954-ABFC-3C2B8EAD9825}
		{919887FD-B0A8-4BA9-A532-0E58145FC26C} = {0C75A7B0-E270-451C-BA01-CA64E3AA1B04}
		{39CB4C50-8556-49A1-B0F0-1456A856F29E} = {0C75A7B0-E270-451C-BA01-CA64E3AA1B04}
		{50839362-2307-4224-8454-11F48087DBC4} = {0C75A7B0-E270-451C-BA01-CA64E3AA1B04}
		{67769E74-76B1-4CDD-9D34-27B1DBA1E3B1} = {FD9D51E0-A036-4F9A-A5AE-861877AB602D}
		{FE70DB07-D5C3-477B-BBD2-6C9BA65749D9} = {67769E74-76B1-4CDD-9D34-27B1DBA1E3B1}
		{ADE1DDC7-7A9A-4C03-ADF8-2336235D963B} = {FE70DB07-D5C3-477B-BBD2-6C9BA65749D9}
		{24192978-96AC-432D-895D-A898EF7E845B} = {0C75A7B0-E270-451C-BA01-CA64E3AA1B04}
		{D1A031F7-1A62-44EA-8142-62CC6B7E6AD2} = {24192978-96AC-432D-895D-A898EF7E845B}
		{DC19CCE4-2D90-4F7B-AF98-E5E3D309DA4B} = {67769E74-76B1-4CDD-9D34-27B1DBA1E3B1}
		{2A4A3EA6-E3E0-4D9B-806E-AEB11C5240BF} = {67769E74-76B1-4CDD-9D34-27B1DBA1E3B1}
		{0D3B879F-C610-417E-99E8-3538578D7148} = {67769E74-76B1-4CDD-9D34-27B1DBA1E3B1}
		{8E28B0BC-F028-4E0D-AD49-42596191626D} = {67769E74-76B1-4CDD-9D34-27B1DBA1E3B1}
		{8C6C4F64-6B3A-4999-82AA-91C845FC558B} = {54A84050-FB53-4A6C-BFE9-52A313403A6F}
		{58573274-0A64-42EE-9BB1-95A0E61C8A28} = {B210D4FC-8E83-4F49-9036-9FCCD4A6FB12}
		{3A574EF0-2BE9-40A7-84D8-B17A65C7B2FB} = {A58F660A-A990-45B5-A2E6-06B7DF8CDE71}
	EndGlobalSection
	GlobalSection(ExtensibilityGlobals) = postSolution
		SolutionGuid = {1A167DA0-94FD-4A93-A3AB-BC8145EA2433}
	EndGlobalSection
EndGlobal
